# This file is autogenerated, do not edit; changes may be undone by the next 'dep ensure'.


[[projects]]
  name = "github.com/technoweenie/multipartstreamer"
  packages = ["."]
  revision = "a90a01d73ae432e2611d178c18367fbaa13e0154"
  version = "v1.0.1"

[[projects]]
  name = "gopkg.in/telegram-bot-api.v1"
  packages = ["."]
  revision = "e8dfdeeeb926884b031af3d99bad42615d469618"
  version = "v1.0.0"

[solve-meta]
  analyzer-name = "dep"
  analyzer-version = 1
  inputs-digest = "cfc4c62440f0dbf865da39451169e8acd156efc427d65bdb0725c9aedeecb070"
  solver-name = "gps-cdcl"
  solver-version = 1
